
Microsoft Visual Studio Solution File, Format Version 12.00
# Visual Studio Version 16
VisualStudioVersion = 16.0.31829.152
MinimumVisualStudioVersion = 10.0.40219.1
Project("{9A19103F-16F7-4668-BE54-9A1E7A4F7556}") = "Launcher", "Launcher\Launcher.csproj", "{112D3D6A-1E19-4E70-93CF-853F80B95AC0}"
EndProject
Project("{9A19103F-16F7-4668-BE54-9A1E7A4F7556}") = "API", "API\API.csproj", "{BF53E634-5546-4344-90E7-30260A516769}"
EndProject
Project("{9A19103F-16F7-4668-BE54-9A1E7A4F7556}") = "TestMod", "TestMod\TestMod.csproj", "{4B8BD049-8937-4411-910D-320DD2F06A8B}"
EndProject
Project("{2150E333-8FDC-42A3-9474-1A3956D46DE8}") = "Addons", "Addons", "{C678CA39-C8BC-4E2B-A215-84AB23C5D26B}"
EndProject
Project("{9A19103F-16F7-4668-BE54-9A1E7A4F7556}") = "ModGoodies", "Addons\ModGoodies\ModGoodies.csproj", "{A1CEB7D9-FF4D-4A13-B8CE-99EC3F34301E}"
EndProject
Project("{2150E333-8FDC-42A3-9474-1A3956D46DE8}") = "Solution Items", "Solution Items", "{A9C247CD-9073-41FD-AF5C-767915B91178}"
	ProjectSection(SolutionItems) = preProject
		.editorconfig = .editorconfig
		copy_files_to_steam_dir.bat = copy_files_to_steam_dir.bat
	EndProjectSection
EndProject
Global
	GlobalSection(SolutionConfigurationPlatforms) = preSolution
		Debug|x86 = Debug|x86
		Release|x86 = Release|x86
	EndGlobalSection
	GlobalSection(ProjectConfigurationPlatforms) = postSolution
		{112D3D6A-1E19-4E70-93CF-853F80B95AC0}.Debug|x86.ActiveCfg = Debug|x86
		{112D3D6A-1E19-4E70-93CF-853F80B95AC0}.Debug|x86.Build.0 = Debug|x86
		{112D3D6A-1E19-4E70-93CF-853F80B95AC0}.Release|x86.ActiveCfg = Release|x86
		{112D3D6A-1E19-4E70-93CF-853F80B95AC0}.Release|x86.Build.0 = Release|x86
		{BF53E634-5546-4344-90E7-30260A516769}.Debug|x86.ActiveCfg = Debug|x86
		{BF53E634-5546-4344-90E7-30260A516769}.Debug|x86.Build.0 = Debug|x86
		{BF53E634-5546-4344-90E7-30260A516769}.Release|x86.ActiveCfg = Release|x86
		{BF53E634-5546-4344-90E7-30260A516769}.Release|x86.Build.0 = Release|x86
		{4B8BD049-8937-4411-910D-320DD2F06A8B}.Debug|x86.ActiveCfg = Debug|x86
		{4B8BD049-8937-4411-910D-320DD2F06A8B}.Debug|x86.Build.0 = Debug|x86
		{4B8BD049-8937-4411-910D-320DD2F06A8B}.Release|x86.ActiveCfg = Release|x86
		{4B8BD049-8937-4411-910D-320DD2F06A8B}.Release|x86.Build.0 = Release|x86
		{A1CEB7D9-FF4D-4A13-B8CE-99EC3F34301E}.Debug|x86.ActiveCfg = Debug|x86
		{A1CEB7D9-FF4D-4A13-B8CE-99EC3F34301E}.Debug|x86.Build.0 = Debug|x86
		{A1CEB7D9-FF4D-4A13-B8CE-99EC3F34301E}.Release|x86.ActiveCfg = Release|x86
		{A1CEB7D9-FF4D-4A13-B8CE-99EC3F34301E}.Release|x86.Build.0 = Release|x86
	EndGlobalSection
	GlobalSection(SolutionProperties) = preSolution
		HideSolutionNode = FALSE
	EndGlobalSection
	GlobalSection(NestedProjects) = preSolution
		{A1CEB7D9-FF4D-4A13-B8CE-99EC3F34301E} = {C678CA39-C8BC-4E2B-A215-84AB23C5D26B}
	EndGlobalSection
	GlobalSection(ExtensibilityGlobals) = postSolution
		SolutionGuid = {17A2E91A-79EB-4338-99BB-BA0C3543CC94}
	EndGlobalSection
EndGlobal
